// !$*UTF8*$!
{
	archiveVersion = 1;
	classes = {
	};
	objectVersion = 51;
	objects = {

/* Begin PBXBuildFile section */
		B69C2C86887E18BF4071E406 /* Pods_messaging.framework in Frameworks */ = {isa = PBXBuildFile; fileRef = 66645627E8B99A9EC8D85AB3 /* Pods_messaging.framework */; };
		DA05104A244CD01300F65050 /* AppDelegate.swift in Sources */ = {isa = PBXBuildFile; fileRef = DA051049244CD01300F65050 /* AppDelegate.swift */; };
		DA05104C244CD01300F65050 /* SceneDelegate.swift in Sources */ = {isa = PBXBuildFile; fileRef = DA05104B244CD01300F65050 /* SceneDelegate.swift */; };
		DA05104E244CD01300F65050 /* ViewController.swift in Sources */ = {isa = PBXBuildFile; fileRef = DA05104D244CD01300F65050 /* ViewController.swift */; };
		DA051051244CD01300F65050 /* Main.storyboard in Resources */ = {isa = PBXBuildFile; fileRef = DA05104F244CD01300F65050 /* Main.storyboard */; };
		DA051053244CD01400F65050 /* Assets.xcassets in Resources */ = {isa = PBXBuildFile; fileRef = DA051052244CD01400F65050 /* Assets.xcassets */; };
		DA051056244CD01400F65050 /* LaunchScreen.storyboard in Resources */ = {isa = PBXBuildFile; fileRef = DA051054244CD01400F65050 /* LaunchScreen.storyboard */; };
		DA05105E244CD08000F65050 /* GoogleService-Info.plist in Resources */ = {isa = PBXBuildFile; fileRef = DA05105D244CD08000F65050 /* GoogleService-Info.plist */; };
		DA051082244CE1F900F65050 /* DetailViewController.swift in Sources */ = {isa = PBXBuildFile; fileRef = DA051081244CE1F900F65050 /* DetailViewController.swift */; };
/* End PBXBuildFile section */

/* Begin PBXFileReference section */
		66645627E8B99A9EC8D85AB3 /* Pods_messaging.framework */ = {isa = PBXFileReference; explicitFileType = wrapper.framework; includeInIndex = 0; path = Pods_messaging.framework; sourceTree = BUILT_PRODUCTS_DIR; };
		A14594E7CE2EBF18BEEA1F71 /* Pods-messaging.debug.xcconfig */ = {isa = PBXFileReference; includeInIndex = 1; lastKnownFileType = text.xcconfig; name = "Pods-messaging.debug.xcconfig"; path = "Target Support Files/Pods-messaging/Pods-messaging.debug.xcconfig"; sourceTree = "<group>"; };
		BE607228FF5EBE95AE4188F2 /* Pods-messaging.release.xcconfig */ = {isa = PBXFileReference; includeInIndex = 1; lastKnownFileType = text.xcconfig; name = "Pods-messaging.release.xcconfig"; path = "Target Support Files/Pods-messaging/Pods-messaging.release.xcconfig"; sourceTree = "<group>"; };
		DA051046244CD01300F65050 /* messaging.app */ = {isa = PBXFileReference; explicitFileType = wrapper.application; includeInIndex = 0; path = messaging.app; sourceTree = BUILT_PRODUCTS_DIR; };
		DA051049244CD01300F65050 /* AppDelegate.swift */ = {isa = PBXFileReference; lastKnownFileType = sourcecode.swift; path = AppDelegate.swift; sourceTree = "<group>"; };
		DA05104B244CD01300F65050 /* SceneDelegate.swift */ = {isa = PBXFileReference; lastKnownFileType = sourcecode.swift; path = SceneDelegate.swift; sourceTree = "<group>"; };
		DA05104D244CD01300F65050 /* ViewController.swift */ = {isa = PBXFileReference; lastKnownFileType = sourcecode.swift; path = ViewController.swift; sourceTree = "<group>"; };
		DA051050244CD01300F65050 /* Base */ = {isa = PBXFileReference; lastKnownFileType = file.storyboard; name = Base; path = Base.lproj/Main.storyboard; sourceTree = "<group>"; };
		DA051052244CD01400F65050 /* Assets.xcassets */ = {isa = PBXFileReference; lastKnownFileType = folder.assetcatalog; path = Assets.xcassets; sourceTree = "<group>"; };
		DA051055244CD01400F65050 /* Base */ = {isa = PBXFileReference; lastKnownFileType = file.storyboard; name = Base; path = Base.lproj/LaunchScreen.storyboard; sourceTree = "<group>"; };
		DA051057244CD01400F65050 /* Info.plist */ = {isa = PBXFileReference; lastKnownFileType = text.plist.xml; path = Info.plist; sourceTree = "<group>"; };
		DA05105D244CD08000F65050 /* GoogleService-Info.plist */ = {isa = PBXFileReference; fileEncoding = 4; lastKnownFileType = text.plist.xml; path = "GoogleService-Info.plist"; sourceTree = "<group>"; };
		DA051081244CE1F900F65050 /* DetailViewController.swift */ = {isa = PBXFileReference; lastKnownFileType = sourcecode.swift; path = DetailViewController.swift; sourceTree = "<group>"; };
/* End PBXFileReference section */

/* Begin PBXFrameworksBuildPhase section */
		DA051043244CD01300F65050 /* Frameworks */ = {
			isa = PBXFrameworksBuildPhase;
			buildActionMask = 2147483647;
			files = (
				B69C2C86887E18BF4071E406 /* Pods_messaging.framework in Frameworks */,
			);
			runOnlyForDeploymentPostprocessing = 0;
		};
/* End PBXFrameworksBuildPhase section */

/* Begin PBXGroup section */
		7FA1D9ADF2D08287AC41657B /* Frameworks */ = {
			isa = PBXGroup;
			children = (
				66645627E8B99A9EC8D85AB3 /* Pods_messaging.framework */,
			);
			name = Frameworks;
			sourceTree = "<group>";
		};
		DA05103D244CD01300F65050 = {
			isa = PBXGroup;
			children = (
				DA051048244CD01300F65050 /* messaging */,
				DA051047244CD01300F65050 /* Products */,
				ECBE402CAB6486A603D14AC5 /* Pods */,
				7FA1D9ADF2D08287AC41657B /* Frameworks */,
			);
			sourceTree = "<group>";
		};
		DA051047244CD01300F65050 /* Products */ = {
			isa = PBXGroup;
			children = (
				DA051046244CD01300F65050 /* messaging.app */,
			);
			name = Products;
			sourceTree = "<group>";
		};
		DA051048244CD01300F65050 /* messaging */ = {
			isa = PBXGroup;
			children = (
				DA051049244CD01300F65050 /* AppDelegate.swift */,
				DA05104B244CD01300F65050 /* SceneDelegate.swift */,
				DA05104D244CD01300F65050 /* ViewController.swift */,
				DA051081244CE1F900F65050 /* DetailViewController.swift */,
				DA05104F244CD01300F65050 /* Main.storyboard */,
				DA051052244CD01400F65050 /* Assets.xcassets */,
				DA05105D244CD08000F65050 /* GoogleService-Info.plist */,
				DA051054244CD01400F65050 /* LaunchScreen.storyboard */,
				DA051057244CD01400F65050 /* Info.plist */,
			);
			path = messaging;
			sourceTree = "<group>";
		};
		ECBE402CAB6486A603D14AC5 /* Pods */ = {
			isa = PBXGroup;
			children = (
				A14594E7CE2EBF18BEEA1F71 /* Pods-messaging.debug.xcconfig */,
				BE607228FF5EBE95AE4188F2 /* Pods-messaging.release.xcconfig */,
			);
			path = Pods;
			sourceTree = "<group>";
		};
/* End PBXGroup section */

/* Begin PBXNativeTarget section */
		DA051045244CD01300F65050 /* messaging */ = {
			isa = PBXNativeTarget;
			buildConfigurationList = DA05105A244CD01400F65050 /* Build configuration list for PBXNativeTarget "messaging" */;
			buildPhases = (
				8E0784AEB78890EB76636805 /* [CP] Check Pods Manifest.lock */,
				DA051042244CD01300F65050 /* Sources */,
				DA051043244CD01300F65050 /* Frameworks */,
				DA051044244CD01300F65050 /* Resources */,
				5DB8002CD4941F6449F35B65 /* [CP] Embed Pods Frameworks */,
			);
			buildRules = (
			);
			dependencies = (
			);
			name = messaging;
			productName = messaging;
			productReference = DA051046244CD01300F65050 /* messaging.app */;
			productType = "com.apple.product-type.application";
		};
/* End PBXNativeTarget section */

/* Begin PBXProject section */
		DA05103E244CD01300F65050 /* Project object */ = {
			isa = PBXProject;
			attributes = {
				LastSwiftUpdateCheck = 1140;
				LastUpgradeCheck = 1140;
				ORGANIZATIONNAME = "Royal, Cindy L";
				TargetAttributes = {
					DA051045244CD01300F65050 = {
						CreatedOnToolsVersion = 11.4;
					};
				};
			};
			buildConfigurationList = DA051041244CD01300F65050 /* Build configuration list for PBXProject "messaging" */;
			compatibilityVersion = "Xcode 9.3";
			developmentRegion = en;
			hasScannedForEncodings = 0;
			knownRegions = (
				en,
				Base,
			);
			mainGroup = DA05103D244CD01300F65050;
			productRefGroup = DA051047244CD01300F65050 /* Products */;
			projectDirPath = "";
			projectRoot = "";
			targets = (
				DA051045244CD01300F65050 /* messaging */,
			);
		};
/* End PBXProject section */

/* Begin PBXResourcesBuildPhase section */
		DA051044244CD01300F65050 /* Resources */ = {
			isa = PBXResourcesBuildPhase;
			buildActionMask = 2147483647;
			files = (
				DA051056244CD01400F65050 /* LaunchScreen.storyboard in Resources */,
				DA05105E244CD08000F65050 /* GoogleService-Info.plist in Resources */,
				DA051053244CD01400F65050 /* Assets.xcassets in Resources */,
				DA051051244CD01300F65050 /* Main.storyboard in Resources */,
			);
			runOnlyForDeploymentPostprocessing = 0;
		};
/* End PBXResourcesBuildPhase section */

/* Begin PBXShellScriptBuildPhase section */
		5DB8002CD4941F6449F35B65 /* [CP] Embed Pods Frameworks */ = {
			isa = PBXShellScriptBuildPhase;
			buildActionMask = 2147483647;
			files = (
			);
			inputFileListPaths = (
				"${PODS_ROOT}/Target Support Files/Pods-messaging/Pods-messaging-frameworks-${CONFIGURATION}-input-files.xcfilelist",
			);
			name = "[CP] Embed Pods Frameworks";
			outputFileListPaths = (
				"${PODS_ROOT}/Target Support Files/Pods-messaging/Pods-messaging-frameworks-${CONFIGURATION}-output-files.xcfilelist",
			);
			runOnlyForDeploymentPostprocessing = 0;
			shellPath = /bin/sh;
			shellScript = "\"${PODS_ROOT}/Target Support Files/Pods-messaging/Pods-messaging-frameworks.sh\"\n";
			showEnvVarsInLog = 0;
		};
		8E0784AEB78890EB76636805 /* [CP] Check Pods Manifest.lock */ = {
			isa = PBXShellScriptBuildPhase;
			buildActionMask = 2147483647;
			files = (
			);
			inputFileListPaths = (
			);
			inputPaths = (
				"${PODS_PODFILE_DIR_PATH}/Podfile.lock",
				"${PODS_ROOT}/Manifest.lock",
			);
			name = "[CP] Check Pods Manifest.lock";
			outputFileListPaths = (
			);
			outputPaths = (
				"$(DERIVED_FILE_DIR)/Pods-messaging-checkManifestLockResult.txt",
			);
			runOnlyForDeploymentPostprocessing = 0;
			shellPath = /bin/sh;
			shellScript = "diff \"${PODS_PODFILE_DIR_PATH}/Podfile.lock\" \"${PODS_ROOT}/Manifest.lock\" > /dev/null\nif [ $? != 0 ] ; then\n    # print error to STDERR\n    echo \"error: The sandbox is not in sync with the Podfile.lock. Run 'pod install' or update your CocoaPods installation.\" >&2\n    exit 1\nfi\n# This output is used by Xcode 'outputs' to avoid re-running this script phase.\necho \"SUCCESS\" > \"${SCRIPT_OUTPUT_FILE_0}\"\n";
			showEnvVarsInLog = 0;
		};
/* End PBXShellScriptBuildPhase section */

/* Begin PBXSourcesBuildPhase section */
		DA051042244CD01300F65050 /* Sources */ = {
			isa = PBXSourcesBuildPhase;
			buildActionMask = 2147483647;
			files = (
				DA05104E244CD01300F65050 /* ViewController.swift in Sources */,
				DA05104A244CD01300F65050 /* AppDelegate.swift in Sources */,
				DA05104C244CD01300F65050 /* SceneDelegate.swift in Sources */,
				DA051082244CE1F900F65050 /* DetailViewController.swift in Sources */,
			);
			runOnlyForDeploymentPostprocessing = 0;
		};
/* End PBXSourcesBuildPhase section */

/* Begin PBXVariantGroup section */
		DA05104F244CD01300F65050 /* Main.storyboard */ = {
			isa = PBXVariantGroup;
			children = (
				DA051050244CD01300F65050 /* Base */,
			);
			name = Main.storyboard;
			sourceTree = "<group>";
		};
		DA051054244CD01400F65050 /* LaunchScreen.storyboard */ = {
			isa = PBXVariantGroup;
			children = (
				DA051055244CD01400F65050 /* Base */,
			);
			name = LaunchScreen.storyboard;
			sourceTree = "<group>";
		};
/* End PBXVariantGroup section */

/* Begin XCBuildConfiguration section */
		DA051058244CD01400F65050 /* Debug */ = {
			isa = XCBuildConfiguration;
			buildSettings = {
				ALWAYS_SEARCH_USER_PATHS = NO;
				CLANG_ANALYZER_NONNULL = YES;
				CLANG_ANALYZER_NUMBER_OBJECT_CONVERSION = YES_AGGRESSIVE;
				CLANG_CXX_LANGUAGE_STANDARD = "gnu++14";
				CLANG_CXX_LIBRARY = "libc++";
				CLANG_ENABLE_MODULES = YES;
				CLANG_ENABLE_OBJC_ARC = YES;
				CLANG_ENABLE_OBJC_WEAK = YES;
				CLANG_WARN_BLOCK_CAPTURE_AUTORELEASING = YES;
				CLANG_WARN_BOOL_CONVERSION = YES;
				CLANG_WARN_COMMA = YES;
				CLANG_WARN_CONSTANT_CONVERSION = YES;
				CLANG_WARN_DEPRECATED_OBJC_IMPLEMENTATIONS = YES;
				CLANG_WARN_DIRECT_OBJC_ISA_USAGE = YES_ERROR;
				CLANG_WARN_DOCUMENTATION_COMMENTS = YES;
				CLANG_WARN_EMPTY_BODY = YES;
				CLANG_WARN_ENUM_CONVERSION = YES;
				CLANG_WARN_INFINITE_RECURSION = YES;
				CLANG_WARN_INT_CONVERSION = YES;
				CLANG_WARN_NON_LITERAL_NULL_CONVERSION = YES;
				CLANG_WARN_OBJC_IMPLICIT_RETAIN_SELF = YES;
				CLANG_WARN_OBJC_LITERAL_CONVERSION = YES;
				CLANG_WARN_OBJC_ROOT_CLASS = YES_ERROR;
				CLANG_WARN_RANGE_LOOP_ANALYSIS = YES;
				CLANG_WARN_STRICT_PROTOTYPES = YES;
				CLANG_WARN_SUSPICIOUS_MOVE = YES;
				CLANG_WARN_UNGUARDED_AVAILABILITY = YES_AGGRESSIVE;
				CLANG_WARN_UNREACHABLE_CODE = YES;
				CLANG_WARN__DUPLICATE_METHOD_MATCH = YES;
				COPY_PHASE_STRIP = NO;
				DEBUG_INFORMATION_FORMAT = dwarf;
				ENABLE_STRICT_OBJC_MSGSEND = YES;
				ENABLE_TESTABILITY = YES;
				GCC_C_LANGUAGE_STANDARD = gnu11;
				GCC_DYNAMIC_NO_PIC = NO;
				GCC_NO_COMMON_BLOCKS = YES;
				GCC_OPTIMIZATION_LEVEL = 0;
				GCC_PREPROCESSOR_DEFINITIONS = (
					"DEBUG=1",
					"$(inherited)",
				);
				GCC_WARN_64_TO_32_BIT_CONVERSION = YES;
				GCC_WARN_ABOUT_RETURN_TYPE = YES_ERROR;
				GCC_WARN_UNDECLARED_SELECTOR = YES;
				GCC_WARN_UNINITIALIZED_AUTOS = YES_AGGRESSIVE;
				GCC_WARN_UNUSED_FUNCTION = YES;
				GCC_WARN_UNUSED_VARIABLE = YES;
				IPHONEOS_DEPLOYMENT_TARGET = 13.4;
				MTL_ENABLE_DEBUG_INFO = INCLUDE_SOURCE;
				MTL_FAST_MATH = YES;
				ONLY_ACTIVE_ARCH = YES;
				SDKROOT = iphoneos;
				SWIFT_ACTIVE_COMPILATION_CONDITIONS = DEBUG;
				SWIFT_OPTIMIZATION_LEVEL = "-Onone";
			};
			name = Debug;
		};
		DA051059244CD01400F65050 /* Release */ = {
			isa = XCBuildConfiguration;
			buildSettings = {
				ALWAYS_SEARCH_USER_PATHS = NO;
				CLANG_ANALYZER_NONNULL = YES;
				CLANG_ANALYZER_NUMBER_OBJECT_CONVERSION = YES_AGGRESSIVE;
				CLANG_CXX_LANGUAGE_STANDARD = "gnu++14";
				CLANG_CXX_LIBRARY = "libc++";
				CLANG_ENABLE_MODULES = YES;
				CLANG_ENABLE_OBJC_ARC = YES;
				CLANG_ENABLE_OBJC_WEAK = YES;
				CLANG_WARN_BLOCK_CAPTURE_AUTORELEASING = YES;
				CLANG_WARN_BOOL_CONVERSION = YES;
				CLANG_WARN_COMMA = YES;
				CLANG_WARN_CONSTANT_CONVERSION = YES;
				CLANG_WARN_DEPRECATED_OBJC_IMPLEMENTATIONS = YES;
				CLANG_WARN_DIRECT_OBJC_ISA_USAGE = YES_ERROR;
				CLANG_WARN_DOCUMENTATION_COMMENTS = YES;
				CLANG_WARN_EMPTY_BODY = YES;
				CLANG_WARN_ENUM_CONVERSION = YES;
				CLANG_WARN_INFINITE_RECURSION = YES;
				CLANG_WARN_INT_CONVERSION = YES;
				CLANG_WARN_NON_LITERAL_NULL_CONVERSION = YES;
				CLANG_WARN_OBJC_IMPLICIT_RETAIN_SELF = YES;
				CLANG_WARN_OBJC_LITERAL_CONVERSION = YES;
				CLANG_WARN_OBJC_ROOT_CLASS = YES_ERROR;
				CLANG_WARN_RANGE_LOOP_ANALYSIS = YES;
				CLANG_WARN_STRICT_PROTOTYPES = YES;
				CLANG_WARN_SUSPICIOUS_MOVE = YES;
				CLANG_WARN_UNGUARDED_AVAILABILITY = YES_AGGRESSIVE;
				CLANG_WARN_UNREACHABLE_CODE = YES;
				CLANG_WARN__DUPLICATE_METHOD_MATCH = YES;
				COPY_PHASE_STRIP = NO;
				DEBUG_INFORMATION_FORMAT = "dwarf-with-dsym";
				ENABLE_NS_ASSERTIONS = NO;
				ENABLE_STRICT_OBJC_MSGSEND = YES;
				GCC_C_LANGUAGE_STANDARD = gnu11;
				GCC_NO_COMMON_BLOCKS = YES;
				GCC_WARN_64_TO_32_BIT_CONVERSION = YES;
				GCC_WARN_ABOUT_RETURN_TYPE = YES_ERROR;
				GCC_WARN_UNDECLARED_SELECTOR = YES;
				GCC_WARN_UNINITIALIZED_AUTOS = YES_AGGRESSIVE;
				GCC_WARN_UNUSED_FUNCTION = YES;
				GCC_WARN_UNUSED_VARIABLE = YES;
				IPHONEOS_DEPLOYMENT_TARGET = 13.4;
				MTL_ENABLE_DEBUG_INFO = NO;
				MTL_FAST_MATH = YES;
				SDKROOT = iphoneos;
				SWIFT_COMPILATION_MODE = wholemodule;
				SWIFT_OPTIMIZATION_LEVEL = "-O";
				VALIDATE_PRODUCT = YES;
			};
			name = Release;
		};
		DA05105B244CD01400F65050 /* Debug */ = {
			isa = XCBuildConfiguration;
			baseConfigurationReference = A14594E7CE2EBF18BEEA1F71 /* Pods-messaging.debug.xcconfig */;
			buildSettings = {
				ASSETCATALOG_COMPILER_APPICON_NAME = AppIcon;
				CODE_SIGN_STYLE = Automatic;
				DEVELOPMENT_TEAM = 2257YDZ693;
				INFOPLIST_FILE = messaging/Info.plist;
				LD_RUNPATH_SEARCH_PATHS = (
					"$(inherited)",
					"@executable_path/Frameworks",
				);
				PRODUCT_BUNDLE_IDENTIFIER = com.cindyroyal.messaging;
				PRODUCT_NAME = "$(TARGET_NAME)";
				SWIFT_VERSION = 5.0;
				TARGETED_DEVICE_FAMILY = "1,2";
			};
			name = Debug;
		};
		DA05105C244CD01400F65050 /* Release */ = {
			isa = XCBuildConfiguration;
			baseConfigurationReference = BE607228FF5EBE95AE4188F2 /* Pods-messaging.release.xcconfig */;
			buildSettings = {
				ASSETCATALOG_COMPILER_APPICON_NAME = AppIcon;
				CODE_SIGN_STYLE = Automatic;
				DEVELOPMENT_TEAM = 2257YDZ693;
				INFOPLIST_FILE = messaging/Info.plist;
				LD_RUNPATH_SEARCH_PATHS = (
					"$(inherited)",
					"@executable_path/Frameworks",
				);
				PRODUCT_BUNDLE_IDENTIFIER = com.cindyroyal.messaging;
				PRODUCT_NAME = "$(TARGET_NAME)";
				SWIFT_VERSION = 5.0;
				TARGETED_DEVICE_FAMILY = "1,2";
			};
			name = Release;
		};
/* End XCBuildConfiguration section */

/* Begin XCConfigurationList section */
		DA051041244CD01300F65050 /* Build configuration list for PBXProject "messaging" */ = {
			isa = XCConfigurationList;
			buildConfigurations = (
				DA051058244CD01400F65050 /* Debug */,
				DA051059244CD01400F65050 /* Release */,
			);
			defaultConfigurationIsVisible = 0;
			defaultConfigurationName = Release;
		};
		DA05105A244CD01400F65050 /* Build configuration list for PBXNativeTarget "messaging" */ = {
			isa = XCConfigurationList;
			buildConfigurations = (
				DA05105B244CD01400F65050 /* Debug */,
				DA05105C244CD01400F65050 /* Release */,
			);
			defaultConfigurationIsVisible = 0;
			defaultConfigurationName = Release;
		};
/* End XCConfigurationList section */
	};
	rootObject = DA05103E244CD01300F65050 /* Project object */;
}
